
Microsoft Visual Studio Solution File, Format Version 12.00
# Visual Studio 15
VisualStudioVersion = 15.0.27703.2026
MinimumVisualStudioVersion = 10.0.40219.1
Project("{9A19103F-16F7-4668-BE54-9A1E7A4F7556}") = "AlexaSkillsKit.Lib", "AlexaSkillsKit.Lib.csproj", "{6037B9E1-99D8-4A21-BC2B-0466B196FCDE}"
EndProject
Project("{9A19103F-16F7-4668-BE54-9A1E7A4F7556}") = "AlexaSkillsKit.Tests", "..\AlexaSkillsKit.Tests\AlexaSkillsKit.Tests.csproj", "{1B31CA8F-2F08-4CCB-A0DB-D0174E6BBDF8}"
EndProject
Global
	GlobalSection(SolutionConfigurationPlatforms) = preSolution
		Debug|Any CPU = Debug|Any CPU
		Release|Any CPU = Release|Any CPU
	EndGlobalSection
	GlobalSection(ProjectConfigurationPlatforms) = postSolution
		{6037B9E1-99D8-4A21-BC2B-0466B196FCDE}.Debug|Any CPU.ActiveCfg = Debug|Any CPU
		{6037B9E1-99D8-4A21-BC2B-0466B196FCDE}.Debug|Any CPU.Build.0 = Debug|Any CPU
		{6037B9E1-99D8-4A21-BC2B-0466B196FCDE}.Release|Any CPU.ActiveCfg = Release|Any CPU
		{6037B9E1-99D8-4A21-BC2B-0466B196FCDE}.Release|Any CPU.Build.0 = Release|Any CPU
		{1B31CA8F-2F08-4CCB-A0DB-D0174E6BBDF8}.Debug|Any CPU.ActiveCfg = Debug|Any CPU
		{1B31CA8F-2F08-4CCB-A0DB-D0174E6BBDF8}.Debug|Any CPU.Build.0 = Debug|Any CPU
		{1B31CA8F-2F08-4CCB-A0DB-D0174E6BBDF8}.Release|Any CPU.ActiveCfg = Release|Any CPU
		{1B31CA8F-2F08-4CCB-A0DB-D0174E6BBDF8}.Release|Any CPU.Build.0 = Release|Any CPU
	EndGlobalSection
	GlobalSection(SolutionProperties) = preSolution
		HideSolutionNode = FALSE
	EndGlobalSection
	GlobalSection(ExtensibilityGlobals) = postSolution
		SolutionGuid = {2EC8DF30-1C74-493F-B415-3692A7993CAA}
	EndGlobalSection
EndGlobal
